{
  "object": {
    "pins": [
      {
        "package": "SwiftUIX",
        "repositoryURL": "https://github.com/SwiftUIX/SwiftUIX",
        "state": {
          "branch": "master",
          "revision": "d3ad7b57a85f1cdcac0043447dfaa3d410200892",
          "version": null
        }
      }
    ]
  },
  "version": 1
}
