// !$*UTF8*$!
{
	archiveVersion = 1;
	classes = {
	};
	objectVersion = 50;
	objects = {

/* Begin PBXBuildFile section */
		48A52AF5267E892200A56EC3 /* Tests_iOS.swift in Sources */ = {isa = PBXBuildFile; fileRef = 48A52AF4267E892200A56EC3 /* Tests_iOS.swift */; };
		48A52B00267E892200A56EC3 /* Tests_macOS.swift in Sources */ = {isa = PBXBuildFile; fileRef = 48A52AFF267E892200A56EC3 /* Tests_macOS.swift */; };
		48A52B02267E892200A56EC3 /* quizbowl_teacherApp.swift in Sources */ = {isa = PBXBuildFile; fileRef = 48A52AD9267E892000A56EC3 /* quizbowl_teacherApp.swift */; };
		48A52B03267E892200A56EC3 /* quizbowl_teacherApp.swift in Sources */ = {isa = PBXBuildFile; fileRef = 48A52AD9267E892000A56EC3 /* quizbowl_teacherApp.swift */; };
		48A52B04267E892200A56EC3 /* ContentView.swift in Sources */ = {isa = PBXBuildFile; fileRef = 48A52ADA267E892000A56EC3 /* ContentView.swift */; };
		48A52B05267E892200A56EC3 /* ContentView.swift in Sources */ = {isa = PBXBuildFile; fileRef = 48A52ADA267E892000A56EC3 /* ContentView.swift */; };
		48A52B06267E892200A56EC3 /* Assets.xcassets in Resources */ = {isa = PBXBuildFile; fileRef = 48A52ADB267E892200A56EC3 /* Assets.xcassets */; };
		48A52B07267E892200A56EC3 /* Assets.xcassets in Resources */ = {isa = PBXBuildFile; fileRef = 48A52ADB267E892200A56EC3 /* Assets.xcassets */; };
/* End PBXBuildFile section */

/* Begin PBXContainerItemProxy section */
		48A52AF1267E892200A56EC3 /* PBXContainerItemProxy */ = {
			isa = PBXContainerItemProxy;
			containerPortal = 48A52AD4267E892000A56EC3 /* Project object */;
			proxyType = 1;
			remoteGlobalIDString = 48A52ADF267E892200A56EC3;
			remoteInfo = "quizbowl_teacher (iOS)";
		};
		48A52AFC267E892200A56EC3 /* PBXContainerItemProxy */ = {
			isa = PBXContainerItemProxy;
			containerPortal = 48A52AD4267E892000A56EC3 /* Project object */;
			proxyType = 1;
			remoteGlobalIDString = 48A52AE7267E892200A56EC3;
			remoteInfo = "quizbowl_teacher (macOS)";
		};
/* End PBXContainerItemProxy section */

/* Begin PBXFileReference section */
		48A52AD9267E892000A56EC3 /* quizbowl_teacherApp.swift */ = {isa = PBXFileReference; lastKnownFileType = sourcecode.swift; path = quizbowl_teacherApp.swift; sourceTree = "<group>"; };
		48A52ADA267E892000A56EC3 /* ContentView.swift */ = {isa = PBXFileReference; lastKnownFileType = sourcecode.swift; path = ContentView.swift; sourceTree = "<group>"; };
		48A52ADB267E892200A56EC3 /* Assets.xcassets */ = {isa = PBXFileReference; lastKnownFileType = folder.assetcatalog; path = Assets.xcassets; sourceTree = "<group>"; };
		48A52AE0267E892200A56EC3 /* quizbowl_teacher.app */ = {isa = PBXFileReference; explicitFileType = wrapper.application; includeInIndex = 0; path = quizbowl_teacher.app; sourceTree = BUILT_PRODUCTS_DIR; };
		48A52AE3267E892200A56EC3 /* Info.plist */ = {isa = PBXFileReference; lastKnownFileType = text.plist.xml; path = Info.plist; sourceTree = "<group>"; };
		48A52AE8267E892200A56EC3 /* quizbowl_teacher.app */ = {isa = PBXFileReference; explicitFileType = wrapper.application; includeInIndex = 0; path = quizbowl_teacher.app; sourceTree = BUILT_PRODUCTS_DIR; };
		48A52AEA267E892200A56EC3 /* Info.plist */ = {isa = PBXFileReference; lastKnownFileType = text.plist.xml; path = Info.plist; sourceTree = "<group>"; };
		48A52AEB267E892200A56EC3 /* macOS.entitlements */ = {isa = PBXFileReference; lastKnownFileType = text.plist.entitlements; path = macOS.entitlements; sourceTree = "<group>"; };
		48A52AF0267E892200A56EC3 /* Tests iOS.xctest */ = {isa = PBXFileReference; explicitFileType = wrapper.cfbundle; includeInIndex = 0; path = "Tests iOS.xctest"; sourceTree = BUILT_PRODUCTS_DIR; };
		48A52AF4267E892200A56EC3 /* Tests_iOS.swift */ = {isa = PBXFileReference; lastKnownFileType = sourcecode.swift; path = Tests_iOS.swift; sourceTree = "<group>"; };
		48A52AF6267E892200A56EC3 /* Info.plist */ = {isa = PBXFileReference; lastKnownFileType = text.plist.xml; path = Info.plist; sourceTree = "<group>"; };
		48A52AFB267E892200A56EC3 /* Tests macOS.xctest */ = {isa = PBXFileReference; explicitFileType = wrapper.cfbundle; includeInIndex = 0; path = "Tests macOS.xctest"; sourceTree = BUILT_PRODUCTS_DIR; };
		48A52AFF267E892200A56EC3 /* Tests_macOS.swift */ = {isa = PBXFileReference; lastKnownFileType = sourcecode.swift; path = Tests_macOS.swift; sourceTree = "<group>"; };
		48A52B01267E892200A56EC3 /* Info.plist */ = {isa = PBXFileReference; lastKnownFileType = text.plist.xml; path = Info.plist; sourceTree = "<group>"; };
/* End PBXFileReference section */

/* Begin PBXFrameworksBuildPhase section */
		48A52ADD267E892200A56EC3 /* Frameworks */ = {
			isa = PBXFrameworksBuildPhase;
			buildActionMask = 2147483647;
			files = (
			);
			runOnlyForDeploymentPostprocessing = 0;
		};
		48A52AE5267E892200A56EC3 /* Frameworks */ = {
			isa = PBXFrameworksBuildPhase;
			buildActionMask = 2147483647;
			files = (
			);
			runOnlyForDeploymentPostprocessing = 0;
		};
		48A52AED267E892200A56EC3 /* Frameworks */ = {
			isa = PBXFrameworksBuildPhase;
			buildActionMask = 2147483647;
			files = (
			);
			runOnlyForDeploymentPostprocessing = 0;
		};
		48A52AF8267E892200A56EC3 /* Frameworks */ = {
			isa = PBXFrameworksBuildPhase;
			buildActionMask = 2147483647;
			files = (
			);
			runOnlyForDeploymentPostprocessing = 0;
		};
/* End PBXFrameworksBuildPhase section */

/* Begin PBXGroup section */
		48A52AD3267E892000A56EC3 = {
			isa = PBXGroup;
			children = (
				48A52AD8267E892000A56EC3 /* Shared */,
				48A52AE2267E892200A56EC3 /* iOS */,
				48A52AE9267E892200A56EC3 /* macOS */,
				48A52AF3267E892200A56EC3 /* Tests iOS */,
				48A52AFE267E892200A56EC3 /* Tests macOS */,
				48A52AE1267E892200A56EC3 /* Products */,
			);
			sourceTree = "<group>";
		};
		48A52AD8267E892000A56EC3 /* Shared */ = {
			isa = PBXGroup;
			children = (
				48A52AD9267E892000A56EC3 /* quizbowl_teacherApp.swift */,
				48A52ADA267E892000A56EC3 /* ContentView.swift */,
				48A52ADB267E892200A56EC3 /* Assets.xcassets */,
			);
			path = Shared;
			sourceTree = "<group>";
		};
		48A52AE1267E892200A56EC3 /* Products */ = {
			isa = PBXGroup;
			children = (
				48A52AE0267E892200A56EC3 /* quizbowl_teacher.app */,
				48A52AE8267E892200A56EC3 /* quizbowl_teacher.app */,
				48A52AF0267E892200A56EC3 /* Tests iOS.xctest */,
				48A52AFB267E892200A56EC3 /* Tests macOS.xctest */,
			);
			name = Products;
			sourceTree = "<group>";
		};
		48A52AE2267E892200A56EC3 /* iOS */ = {
			isa = PBXGroup;
			children = (
				48A52AE3267E892200A56EC3 /* Info.plist */,
			);
			path = iOS;
			sourceTree = "<group>";
		};
		48A52AE9267E892200A56EC3 /* macOS */ = {
			isa = PBXGroup;
			children = (
				48A52AEA267E892200A56EC3 /* Info.plist */,
				48A52AEB267E892200A56EC3 /* macOS.entitlements */,
			);
			path = macOS;
			sourceTree = "<group>";
		};
		48A52AF3267E892200A56EC3 /* Tests iOS */ = {
			isa = PBXGroup;
			children = (
				48A52AF4267E892200A56EC3 /* Tests_iOS.swift */,
				48A52AF6267E892200A56EC3 /* Info.plist */,
			);
			path = "Tests iOS";
			sourceTree = "<group>";
		};
		48A52AFE267E892200A56EC3 /* Tests macOS */ = {
			isa = PBXGroup;
			children = (
				48A52AFF267E892200A56EC3 /* Tests_macOS.swift */,
				48A52B01267E892200A56EC3 /* Info.plist */,
			);
			path = "Tests macOS";
			sourceTree = "<group>";
		};
/* End PBXGroup section */

/* Begin PBXNativeTarget section */
		48A52ADF267E892200A56EC3 /* quizbowl_teacher (iOS) */ = {
			isa = PBXNativeTarget;
			buildConfigurationList = 48A52B0A267E892200A56EC3 /* Build configuration list for PBXNativeTarget "quizbowl_teacher (iOS)" */;
			buildPhases = (
				48A52ADC267E892200A56EC3 /* Sources */,
				48A52ADD267E892200A56EC3 /* Frameworks */,
				48A52ADE267E892200A56EC3 /* Resources */,
			);
			buildRules = (
			);
			dependencies = (
			);
			name = "quizbowl_teacher (iOS)";
			productName = "quizbowl_teacher (iOS)";
			productReference = 48A52AE0267E892200A56EC3 /* quizbowl_teacher.app */;
			productType = "com.apple.product-type.application";
		};
		48A52AE7267E892200A56EC3 /* quizbowl_teacher (macOS) */ = {
			isa = PBXNativeTarget;
			buildConfigurationList = 48A52B0D267E892200A56EC3 /* Build configuration list for PBXNativeTarget "quizbowl_teacher (macOS)" */;
			buildPhases = (
				48A52AE4267E892200A56EC3 /* Sources */,
				48A52AE5267E892200A56EC3 /* Frameworks */,
				48A52AE6267E892200A56EC3 /* Resources */,
			);
			buildRules = (
			);
			dependencies = (
			);
			name = "quizbowl_teacher (macOS)";
			productName = "quizbowl_teacher (macOS)";
			productReference = 48A52AE8267E892200A56EC3 /* quizbowl_teacher.app */;
			productType = "com.apple.product-type.application";
		};
		48A52AEF267E892200A56EC3 /* Tests iOS */ = {
			isa = PBXNativeTarget;
			buildConfigurationList = 48A52B10267E892200A56EC3 /* Build configuration list for PBXNativeTarget "Tests iOS" */;
			buildPhases = (
				48A52AEC267E892200A56EC3 /* Sources */,
				48A52AED267E892200A56EC3 /* Frameworks */,
				48A52AEE267E892200A56EC3 /* Resources */,
			);
			buildRules = (
			);
			dependencies = (
				48A52AF2267E892200A56EC3 /* PBXTargetDependency */,
			);
			name = "Tests iOS";
			productName = "Tests iOS";
			productReference = 48A52AF0267E892200A56EC3 /* Tests iOS.xctest */;
			productType = "com.apple.product-type.bundle.ui-testing";
		};
		48A52AFA267E892200A56EC3 /* Tests macOS */ = {
			isa = PBXNativeTarget;
			buildConfigurationList = 48A52B13267E892200A56EC3 /* Build configuration list for PBXNativeTarget "Tests macOS" */;
			buildPhases = (
				48A52AF7267E892200A56EC3 /* Sources */,
				48A52AF8267E892200A56EC3 /* Frameworks */,
				48A52AF9267E892200A56EC3 /* Resources */,
			);
			buildRules = (
			);
			dependencies = (
				48A52AFD267E892200A56EC3 /* PBXTargetDependency */,
			);
			name = "Tests macOS";
			productName = "Tests macOS";
			productReference = 48A52AFB267E892200A56EC3 /* Tests macOS.xctest */;
			productType = "com.apple.product-type.bundle.ui-testing";
		};
/* End PBXNativeTarget section */

/* Begin PBXProject section */
		48A52AD4267E892000A56EC3 /* Project object */ = {
			isa = PBXProject;
			attributes = {
				LastSwiftUpdateCheck = 1250;
				LastUpgradeCheck = 1250;
				TargetAttributes = {
					48A52ADF267E892200A56EC3 = {
						CreatedOnToolsVersion = 12.5;
					};
					48A52AE7267E892200A56EC3 = {
						CreatedOnToolsVersion = 12.5;
					};
					48A52AEF267E892200A56EC3 = {
						CreatedOnToolsVersion = 12.5;
						TestTargetID = 48A52ADF267E892200A56EC3;
					};
					48A52AFA267E892200A56EC3 = {
						CreatedOnToolsVersion = 12.5;
						TestTargetID = 48A52AE7267E892200A56EC3;
					};
				};
			};
			buildConfigurationList = 48A52AD7267E892000A56EC3 /* Build configuration list for PBXProject "quizbowl_teacher" */;
			compatibilityVersion = "Xcode 9.3";
			developmentRegion = en;
			hasScannedForEncodings = 0;
			knownRegions = (
				en,
				Base,
			);
			mainGroup = 48A52AD3267E892000A56EC3;
			productRefGroup = 48A52AE1267E892200A56EC3 /* Products */;
			projectDirPath = "";
			projectRoot = "";
			targets = (
				48A52ADF267E892200A56EC3 /* quizbowl_teacher (iOS) */,
				48A52AE7267E892200A56EC3 /* quizbowl_teacher (macOS) */,
				48A52AEF267E892200A56EC3 /* Tests iOS */,
				48A52AFA267E892200A56EC3 /* Tests macOS */,
			);
		};
/* End PBXProject section */

/* Begin PBXResourcesBuildPhase section */
		48A52ADE267E892200A56EC3 /* Resources */ = {
			isa = PBXResourcesBuildPhase;
			buildActionMask = 2147483647;
			files = (
				48A52B06267E892200A56EC3 /* Assets.xcassets in Resources */,
			);
			runOnlyForDeploymentPostprocessing = 0;
		};
		48A52AE6267E892200A56EC3 /* Resources */ = {
			isa = PBXResourcesBuildPhase;
			buildActionMask = 2147483647;
			files = (
				48A52B07267E892200A56EC3 /* Assets.xcassets in Resources */,
			);
			runOnlyForDeploymentPostprocessing = 0;
		};
		48A52AEE267E892200A56EC3 /* Resources */ = {
			isa = PBXResourcesBuildPhase;
			buildActionMask = 2147483647;
			files = (
			);
			runOnlyForDeploymentPostprocessing = 0;
		};
		48A52AF9267E892200A56EC3 /* Resources */ = {
			isa = PBXResourcesBuildPhase;
			buildActionMask = 2147483647;
			files = (
			);
			runOnlyForDeploymentPostprocessing = 0;
		};
/* End PBXResourcesBuildPhase section */

/* Begin PBXSourcesBuildPhase section */
		48A52ADC267E892200A56EC3 /* Sources */ = {
			isa = PBXSourcesBuildPhase;
			buildActionMask = 2147483647;
			files = (
				48A52B04267E892200A56EC3 /* ContentView.swift in Sources */,
				48A52B02267E892200A56EC3 /* quizbowl_teacherApp.swift in Sources */,
			);
			runOnlyForDeploymentPostprocessing = 0;
		};
		48A52AE4267E892200A56EC3 /* Sources */ = {
			isa = PBXSourcesBuildPhase;
			buildActionMask = 2147483647;
			files = (
				48A52B05267E892200A56EC3 /* ContentView.swift in Sources */,
				48A52B03267E892200A56EC3 /* quizbowl_teacherApp.swift in Sources */,
			);
			runOnlyForDeploymentPostprocessing = 0;
		};
		48A52AEC267E892200A56EC3 /* Sources */ = {
			isa = PBXSourcesBuildPhase;
			buildActionMask = 2147483647;
			files = (
				48A52AF5267E892200A56EC3 /* Tests_iOS.swift in Sources */,
			);
			runOnlyForDeploymentPostprocessing = 0;
		};
		48A52AF7267E892200A56EC3 /* Sources */ = {
			isa = PBXSourcesBuildPhase;
			buildActionMask = 2147483647;
			files = (
				48A52B00267E892200A56EC3 /* Tests_macOS.swift in Sources */,
			);
			runOnlyForDeploymentPostprocessing = 0;
		};
/* End PBXSourcesBuildPhase section */

/* Begin PBXTargetDependency section */
		48A52AF2267E892200A56EC3 /* PBXTargetDependency */ = {
			isa = PBXTargetDependency;
			target = 48A52ADF267E892200A56EC3 /* quizbowl_teacher (iOS) */;
			targetProxy = 48A52AF1267E892200A56EC3 /* PBXContainerItemProxy */;
		};
		48A52AFD267E892200A56EC3 /* PBXTargetDependency */ = {
			isa = PBXTargetDependency;
			target = 48A52AE7267E892200A56EC3 /* quizbowl_teacher (macOS) */;
			targetProxy = 48A52AFC267E892200A56EC3 /* PBXContainerItemProxy */;
		};
/* End PBXTargetDependency section */

/* Begin XCBuildConfiguration section */
		48A52B08267E892200A56EC3 /* Debug */ = {
			isa = XCBuildConfiguration;
			buildSettings = {
				ALWAYS_SEARCH_USER_PATHS = NO;
				CLANG_ANALYZER_NONNULL = YES;
				CLANG_ANALYZER_NUMBER_OBJECT_CONVERSION = YES_AGGRESSIVE;
				CLANG_CXX_LANGUAGE_STANDARD = "gnu++14";
				CLANG_CXX_LIBRARY = "libc++";
				CLANG_ENABLE_MODULES = YES;
				CLANG_ENABLE_OBJC_ARC = YES;
				CLANG_ENABLE_OBJC_WEAK = YES;
				CLANG_WARN_BLOCK_CAPTURE_AUTORELEASING = YES;
				CLANG_WARN_BOOL_CONVERSION = YES;
				CLANG_WARN_COMMA = YES;
				CLANG_WARN_CONSTANT_CONVERSION = YES;
				CLANG_WARN_DEPRECATED_OBJC_IMPLEMENTATIONS = YES;
				CLANG_WARN_DIRECT_OBJC_ISA_USAGE = YES_ERROR;
				CLANG_WARN_DOCUMENTATION_COMMENTS = YES;
				CLANG_WARN_EMPTY_BODY = YES;
				CLANG_WARN_ENUM_CONVERSION = YES;
				CLANG_WARN_INFINITE_RECURSION = YES;
				CLANG_WARN_INT_CONVERSION = YES;
				CLANG_WARN_NON_LITERAL_NULL_CONVERSION = YES;
				CLANG_WARN_OBJC_IMPLICIT_RETAIN_SELF = YES;
				CLANG_WARN_OBJC_LITERAL_CONVERSION = YES;
				CLANG_WARN_OBJC_ROOT_CLASS = YES_ERROR;
				CLANG_WARN_QUOTED_INCLUDE_IN_FRAMEWORK_HEADER = YES;
				CLANG_WARN_RANGE_LOOP_ANALYSIS = YES;
				CLANG_WARN_STRICT_PROTOTYPES = YES;
				CLANG_WARN_SUSPICIOUS_MOVE = YES;
				CLANG_WARN_UNGUARDED_AVAILABILITY = YES_AGGRESSIVE;
				CLANG_WARN_UNREACHABLE_CODE = YES;
				CLANG_WARN__DUPLICATE_METHOD_MATCH = YES;
				COPY_PHASE_STRIP = NO;
				DEBUG_INFORMATION_FORMAT = dwarf;
				ENABLE_STRICT_OBJC_MSGSEND = YES;
				ENABLE_TESTABILITY = YES;
				GCC_C_LANGUAGE_STANDARD = gnu11;
				GCC_DYNAMIC_NO_PIC = NO;
				GCC_NO_COMMON_BLOCKS = YES;
				GCC_OPTIMIZATION_LEVEL = 0;
				GCC_PREPROCESSOR_DEFINITIONS = (
					"DEBUG=1",
					"$(inherited)",
				);
				GCC_WARN_64_TO_32_BIT_CONVERSION = YES;
				GCC_WARN_ABOUT_RETURN_TYPE = YES_ERROR;
				GCC_WARN_UNDECLARED_SELECTOR = YES;
				GCC_WARN_UNINITIALIZED_AUTOS = YES_AGGRESSIVE;
				GCC_WARN_UNUSED_FUNCTION = YES;
				GCC_WARN_UNUSED_VARIABLE = YES;
				MTL_ENABLE_DEBUG_INFO = INCLUDE_SOURCE;
				MTL_FAST_MATH = YES;
				ONLY_ACTIVE_ARCH = YES;
				SWIFT_ACTIVE_COMPILATION_CONDITIONS = DEBUG;
				SWIFT_OPTIMIZATION_LEVEL = "-Onone";
			};
			name = Debug;
		};
		48A52B09267E892200A56EC3 /* Release */ = {
			isa = XCBuildConfiguration;
			buildSettings = {
				ALWAYS_SEARCH_USER_PATHS = NO;
				CLANG_ANALYZER_NONNULL = YES;
				CLANG_ANALYZER_NUMBER_OBJECT_CONVERSION = YES_AGGRESSIVE;
				CLANG_CXX_LANGUAGE_STANDARD = "gnu++14";
				CLANG_CXX_LIBRARY = "libc++";
				CLANG_ENABLE_MODULES = YES;
				CLANG_ENABLE_OBJC_ARC = YES;
				CLANG_ENABLE_OBJC_WEAK = YES;
				CLANG_WARN_BLOCK_CAPTURE_AUTORELEASING = YES;
				CLANG_WARN_BOOL_CONVERSION = YES;
				CLANG_WARN_COMMA = YES;
				CLANG_WARN_CONSTANT_CONVERSION = YES;
				CLANG_WARN_DEPRECATED_OBJC_IMPLEMENTATIONS = YES;
				CLANG_WARN_DIRECT_OBJC_ISA_USAGE = YES_ERROR;
				CLANG_WARN_DOCUMENTATION_COMMENTS = YES;
				CLANG_WARN_EMPTY_BODY = YES;
				CLANG_WARN_ENUM_CONVERSION = YES;
				CLANG_WARN_INFINITE_RECURSION = YES;
				CLANG_WARN_INT_CONVERSION = YES;
				CLANG_WARN_NON_LITERAL_NULL_CONVERSION = YES;
				CLANG_WARN_OBJC_IMPLICIT_RETAIN_SELF = YES;
				CLANG_WARN_OBJC_LITERAL_CONVERSION = YES;
				CLANG_WARN_OBJC_ROOT_CLASS = YES_ERROR;
				CLANG_WARN_QUOTED_INCLUDE_IN_FRAMEWORK_HEADER = YES;
				CLANG_WARN_RANGE_LOOP_ANALYSIS = YES;
				CLANG_WARN_STRICT_PROTOTYPES = YES;
				CLANG_WARN_SUSPICIOUS_MOVE = YES;
				CLANG_WARN_UNGUARDED_AVAILABILITY = YES_AGGRESSIVE;
				CLANG_WARN_UNREACHABLE_CODE = YES;
				CLANG_WARN__DUPLICATE_METHOD_MATCH = YES;
				COPY_PHASE_STRIP = NO;
				DEBUG_INFORMATION_FORMAT = "dwarf-with-dsym";
				ENABLE_NS_ASSERTIONS = NO;
				ENABLE_STRICT_OBJC_MSGSEND = YES;
				GCC_C_LANGUAGE_STANDARD = gnu11;
				GCC_NO_COMMON_BLOCKS = YES;
				GCC_WARN_64_TO_32_BIT_CONVERSION = YES;
				GCC_WARN_ABOUT_RETURN_TYPE = YES_ERROR;
				GCC_WARN_UNDECLARED_SELECTOR = YES;
				GCC_WARN_UNINITIALIZED_AUTOS = YES_AGGRESSIVE;
				GCC_WARN_UNUSED_FUNCTION = YES;
				GCC_WARN_UNUSED_VARIABLE = YES;
				MTL_ENABLE_DEBUG_INFO = NO;
				MTL_FAST_MATH = YES;
				SWIFT_COMPILATION_MODE = wholemodule;
				SWIFT_OPTIMIZATION_LEVEL = "-O";
			};
			name = Release;
		};
		48A52B0B267E892200A56EC3 /* Debug */ = {
			isa = XCBuildConfiguration;
			buildSettings = {
				ASSETCATALOG_COMPILER_APPICON_NAME = AppIcon;
				ASSETCATALOG_COMPILER_GLOBAL_ACCENT_COLOR_NAME = AccentColor;
				CODE_SIGN_STYLE = Automatic;
				DEVELOPMENT_TEAM = TFM8F2K59V;
				ENABLE_PREVIEWS = YES;
				INFOPLIST_FILE = iOS/Info.plist;
				IPHONEOS_DEPLOYMENT_TARGET = 14.0;
				LD_RUNPATH_SEARCH_PATHS = (
					"$(inherited)",
					"@executable_path/Frameworks",
				);
				PRODUCT_BUNDLE_IDENTIFIER = "lahoti-malani-arnav.quizbowl-teacher";
				PRODUCT_NAME = quizbowl_teacher;
				SDKROOT = iphoneos;
				SWIFT_VERSION = 5.0;
				TARGETED_DEVICE_FAMILY = "1,2";
			};
			name = Debug;
		};
		48A52B0C267E892200A56EC3 /* Release */ = {
			isa = XCBuildConfiguration;
			buildSettings = {
				ASSETCATALOG_COMPILER_APPICON_NAME = AppIcon;
				ASSETCATALOG_COMPILER_GLOBAL_ACCENT_COLOR_NAME = AccentColor;
				CODE_SIGN_STYLE = Automatic;
				DEVELOPMENT_TEAM = TFM8F2K59V;
				ENABLE_PREVIEWS = YES;
				INFOPLIST_FILE = iOS/Info.plist;
				IPHONEOS_DEPLOYMENT_TARGET = 14.0;
				LD_RUNPATH_SEARCH_PATHS = (
					"$(inherited)",
					"@executable_path/Frameworks",
				);
				PRODUCT_BUNDLE_IDENTIFIER = "lahoti-malani-arnav.quizbowl-teacher";
				PRODUCT_NAME = quizbowl_teacher;
				SDKROOT = iphoneos;
				SWIFT_VERSION = 5.0;
				TARGETED_DEVICE_FAMILY = "1,2";
				VALIDATE_PRODUCT = YES;
			};
			name = Release;
		};
		48A52B0E267E892200A56EC3 /* Debug */ = {
			isa = XCBuildConfiguration;
			buildSettings = {
				ASSETCATALOG_COMPILER_APPICON_NAME = AppIcon;
				ASSETCATALOG_COMPILER_GLOBAL_ACCENT_COLOR_NAME = AccentColor;
				CODE_SIGN_ENTITLEMENTS = macOS/macOS.entitlements;
				CODE_SIGN_STYLE = Automatic;
				COMBINE_HIDPI_IMAGES = YES;
				DEVELOPMENT_TEAM = 8M5YTSWC9J;
				ENABLE_PREVIEWS = YES;
				INFOPLIST_FILE = macOS/Info.plist;
				LD_RUNPATH_SEARCH_PATHS = (
					"$(inherited)",
					"@executable_path/../Frameworks",
				);
				MACOSX_DEPLOYMENT_TARGET = 11.0;
				PRODUCT_BUNDLE_IDENTIFIER = "lahoti-malani.quizbowl-teacher";
				PRODUCT_NAME = quizbowl_teacher;
				SDKROOT = macosx;
				SWIFT_VERSION = 5.0;
			};
			name = Debug;
		};
		48A52B0F267E892200A56EC3 /* Release */ = {
			isa = XCBuildConfiguration;
			buildSettings = {
				ASSETCATALOG_COMPILER_APPICON_NAME = AppIcon;
				ASSETCATALOG_COMPILER_GLOBAL_ACCENT_COLOR_NAME = AccentColor;
				CODE_SIGN_ENTITLEMENTS = macOS/macOS.entitlements;
				CODE_SIGN_STYLE = Automatic;
				COMBINE_HIDPI_IMAGES = YES;
				DEVELOPMENT_TEAM = 8M5YTSWC9J;
				ENABLE_PREVIEWS = YES;
				INFOPLIST_FILE = macOS/Info.plist;
				LD_RUNPATH_SEARCH_PATHS = (
					"$(inherited)",
					"@executable_path/../Frameworks",
				);
				MACOSX_DEPLOYMENT_TARGET = 11.0;
				PRODUCT_BUNDLE_IDENTIFIER = "lahoti-malani.quizbowl-teacher";
				PRODUCT_NAME = quizbowl_teacher;
				SDKROOT = macosx;
				SWIFT_VERSION = 5.0;
			};
			name = Release;
		};
		48A52B11267E892200A56EC3 /* Debug */ = {
			isa = XCBuildConfiguration;
			buildSettings = {
				ALWAYS_EMBED_SWIFT_STANDARD_LIBRARIES = YES;
				CODE_SIGN_STYLE = Automatic;
				INFOPLIST_FILE = "Tests iOS/Info.plist";
				IPHONEOS_DEPLOYMENT_TARGET = 14.5;
				LD_RUNPATH_SEARCH_PATHS = (
					"$(inherited)",
					"@executable_path/Frameworks",
					"@loader_path/Frameworks",
				);
				PRODUCT_BUNDLE_IDENTIFIER = "lahoti-malani.Tests-iOS";
				PRODUCT_NAME = "$(TARGET_NAME)";
				SDKROOT = iphoneos;
				SWIFT_VERSION = 5.0;
				TARGETED_DEVICE_FAMILY = "1,2";
				TEST_TARGET_NAME = "quizbowl_teacher (iOS)";
			};
			name = Debug;
		};
		48A52B12267E892200A56EC3 /* Release */ = {
			isa = XCBuildConfiguration;
			buildSettings = {
				ALWAYS_EMBED_SWIFT_STANDARD_LIBRARIES = YES;
				CODE_SIGN_STYLE = Automatic;
				INFOPLIST_FILE = "Tests iOS/Info.plist";
				IPHONEOS_DEPLOYMENT_TARGET = 14.5;
				LD_RUNPATH_SEARCH_PATHS = (
					"$(inherited)",
					"@executable_path/Frameworks",
					"@loader_path/Frameworks",
				);
				PRODUCT_BUNDLE_IDENTIFIER = "lahoti-malani.Tests-iOS";
				PRODUCT_NAME = "$(TARGET_NAME)";
				SDKROOT = iphoneos;
				SWIFT_VERSION = 5.0;
				TARGETED_DEVICE_FAMILY = "1,2";
				TEST_TARGET_NAME = "quizbowl_teacher (iOS)";
				VALIDATE_PRODUCT = YES;
			};
			name = Release;
		};
		48A52B14267E892200A56EC3 /* Debug */ = {
			isa = XCBuildConfiguration;
			buildSettings = {
				ALWAYS_EMBED_SWIFT_STANDARD_LIBRARIES = YES;
				CODE_SIGN_STYLE = Automatic;
				COMBINE_HIDPI_IMAGES = YES;
				INFOPLIST_FILE = "Tests macOS/Info.plist";
				LD_RUNPATH_SEARCH_PATHS = (
					"$(inherited)",
					"@executable_path/../Frameworks",
					"@loader_path/../Frameworks",
				);
				MACOSX_DEPLOYMENT_TARGET = 11.3;
				PRODUCT_BUNDLE_IDENTIFIER = "lahoti-malani.Tests-macOS";
				PRODUCT_NAME = "$(TARGET_NAME)";
				SDKROOT = macosx;
				SWIFT_VERSION = 5.0;
				TEST_TARGET_NAME = "quizbowl_teacher (macOS)";
			};
			name = Debug;
		};
		48A52B15267E892200A56EC3 /* Release */ = {
			isa = XCBuildConfiguration;
			buildSettings = {
				ALWAYS_EMBED_SWIFT_STANDARD_LIBRARIES = YES;
				CODE_SIGN_STYLE = Automatic;
				COMBINE_HIDPI_IMAGES = YES;
				INFOPLIST_FILE = "Tests macOS/Info.plist";
				LD_RUNPATH_SEARCH_PATHS = (
					"$(inherited)",
					"@executable_path/../Frameworks",
					"@loader_path/../Frameworks",
				);
				MACOSX_DEPLOYMENT_TARGET = 11.3;
				PRODUCT_BUNDLE_IDENTIFIER = "lahoti-malani.Tests-macOS";
				PRODUCT_NAME = "$(TARGET_NAME)";
				SDKROOT = macosx;
				SWIFT_VERSION = 5.0;
				TEST_TARGET_NAME = "quizbowl_teacher (macOS)";
			};
			name = Release;
		};
/* End XCBuildConfiguration section */

/* Begin XCConfigurationList section */
		48A52AD7267E892000A56EC3 /* Build configuration list for PBXProject "quizbowl_teacher" */ = {
			isa = XCConfigurationList;
			buildConfigurations = (
				48A52B08267E892200A56EC3 /* Debug */,
				48A52B09267E892200A56EC3 /* Release */,
			);
			defaultConfigurationIsVisible = 0;
			defaultConfigurationName = Release;
		};
		48A52B0A267E892200A56EC3 /* Build configuration list for PBXNativeTarget "quizbowl_teacher (iOS)" */ = {
			isa = XCConfigurationList;
			buildConfigurations = (
				48A52B0B267E892200A56EC3 /* Debug */,
				48A52B0C267E892200A56EC3 /* Release */,
			);
			defaultConfigurationIsVisible = 0;
			defaultConfigurationName = Release;
		};
		48A52B0D267E892200A56EC3 /* Build configuration list for PBXNativeTarget "quizbowl_teacher (macOS)" */ = {
			isa = XCConfigurationList;
			buildConfigurations = (
				48A52B0E267E892200A56EC3 /* Debug */,
				48A52B0F267E892200A56EC3 /* Release */,
			);
			defaultConfigurationIsVisible = 0;
			defaultConfigurationName = Release;
		};
		48A52B10267E892200A56EC3 /* Build configuration list for PBXNativeTarget "Tests iOS" */ = {
			isa = XCConfigurationList;
			buildConfigurations = (
				48A52B11267E892200A56EC3 /* Debug */,
				48A52B12267E892200A56EC3 /* Release */,
			);
			defaultConfigurationIsVisible = 0;
			defaultConfigurationName = Release;
		};
		48A52B13267E892200A56EC3 /* Build configuration list for PBXNativeTarget "Tests macOS" */ = {
			isa = XCConfigurationList;
			buildConfigurations = (
				48A52B14267E892200A56EC3 /* Debug */,
				48A52B15267E892200A56EC3 /* Release */,
			);
			defaultConfigurationIsVisible = 0;
			defaultConfigurationName = Release;
		};
/* End XCConfigurationList section */
	};
	rootObject = 48A52AD4267E892000A56EC3 /* Project object */;
}
